
Microsoft Visual Studio Solution File, Format Version 12.00
# Visual Studio Version 17
VisualStudioVersion = 17.12.35521.163
MinimumVisualStudioVersion = 10.0.40219.1
Project("{FAE04EC0-301F-11D3-BF4B-00C04F79EFBC}") = "eBPS.Server", "eBPS.Server.csproj", "{EBA85BB8-F94D-4305-AB60-3313F59073AE}"
EndProject
Project("{FAE04EC0-301F-11D3-BF4B-00C04F79EFBC}") = "eBPS.Application", "..\eBPS.Application\eBPS.Application.csproj", "{B3B1637C-8224-4CED-8CD7-3BDA27EA2903}"
EndProject
Project("{FAE04EC0-301F-11D3-BF4B-00C04F79EFBC}") = "eBPS.Domain", "..\eBPS.Domain\eBPS.Domain.csproj", "{210D28CC-E385-49B7-9E3B-EB1020573A25}"
EndProject
Project("{FAE04EC0-301F-11D3-BF4B-00C04F79EFBC}") = "eBPS.Infrastructure", "..\eBPS.Infrastructure\eBPS.Infrastructure.csproj", "{CEC0FE99-1E84-4508-84BB-E66E713D33AF}"
EndProject
Project("{FAE04EC0-301F-11D3-BF4B-00C04F79EFBC}") = "eBPS.SharedDbDeployment", "..\eBPS.SharedDbDeployment\eBPS.SharedDbDeployment.csproj", "{6EBAB450-9A87-46FF-B1BD-BE1C89EC12EF}"
EndProject
Project("{FAE04EC0-301F-11D3-BF4B-00C04F79EFBC}") = "eBPS.OrganizationDbDeployment", "..\eBPS.OrganizationDbDeployment\eBPS.OrganizationDbDeployment.csproj", "{BD2B0A65-086B-4D03-9DA3-5D539D7A81D6}"
EndProject
Project("{2150E333-8FDC-42A3-9474-1A3956D46DE8}") = "Tests", "Tests", "{51E65023-229B-4CDE-9FAD-D309D93882E9}"
EndProject
Project("{FAE04EC0-301F-11D3-BF4B-00C04F79EFBC}") = "eBPS.Server.Tests", "..\eBPS.Server.Tests\eBPS.Server.Tests.csproj", "{05F6F315-AAFE-4936-9063-C0D0CF00E36A}"
EndProject
Project("{FAE04EC0-301F-11D3-BF4B-00C04F79EFBC}") = "eBPS.Infrastructure.Tests", "..\eBPS.Infrastructure.Tests\eBPS.Infrastructure.Tests.csproj", "{5A9F1FDE-14FC-47DA-A98C-3550F3F4F66F}"
EndProject
Project("{FAE04EC0-301F-11D3-BF4B-00C04F79EFBC}") = "eBPS.Application.Tests", "..\eBPS.Application.Tests\eBPS.Application.Tests.csproj", "{39955E5E-814F-45BB-8DF5-2223F06EF512}"
EndProject
Global
	GlobalSection(SolutionConfigurationPlatforms) = preSolution
		Debug|Any CPU = Debug|Any CPU
		Release|Any CPU = Release|Any CPU
	EndGlobalSection
	GlobalSection(ProjectConfigurationPlatforms) = postSolution
		{EBA85BB8-F94D-4305-AB60-3313F59073AE}.Debug|Any CPU.ActiveCfg = Debug|Any CPU
		{EBA85BB8-F94D-4305-AB60-3313F59073AE}.Debug|Any CPU.Build.0 = Debug|Any CPU
		{EBA85BB8-F94D-4305-AB60-3313F59073AE}.Release|Any CPU.ActiveCfg = Release|Any CPU
		{EBA85BB8-F94D-4305-AB60-3313F59073AE}.Release|Any CPU.Build.0 = Release|Any CPU
		{B3B1637C-8224-4CED-8CD7-3BDA27EA2903}.Debug|Any CPU.ActiveCfg = Debug|Any CPU
		{B3B1637C-8224-4CED-8CD7-3BDA27EA2903}.Debug|Any CPU.Build.0 = Debug|Any CPU
		{B3B1637C-8224-4CED-8CD7-3BDA27EA2903}.Release|Any CPU.ActiveCfg = Release|Any CPU
		{B3B1637C-8224-4CED-8CD7-3BDA27EA2903}.Release|Any CPU.Build.0 = Release|Any CPU
		{210D28CC-E385-49B7-9E3B-EB1020573A25}.Debug|Any CPU.ActiveCfg = Debug|Any CPU
		{210D28CC-E385-49B7-9E3B-EB1020573A25}.Debug|Any CPU.Build.0 = Debug|Any CPU
		{210D28CC-E385-49B7-9E3B-EB1020573A25}.Release|Any CPU.ActiveCfg = Release|Any CPU
		{210D28CC-E385-49B7-9E3B-EB1020573A25}.Release|Any CPU.Build.0 = Release|Any CPU
		{CEC0FE99-1E84-4508-84BB-E66E713D33AF}.Debug|Any CPU.ActiveCfg = Debug|Any CPU
		{CEC0FE99-1E84-4508-84BB-E66E713D33AF}.Debug|Any CPU.Build.0 = Debug|Any CPU
		{CEC0FE99-1E84-4508-84BB-E66E713D33AF}.Release|Any CPU.ActiveCfg = Release|Any CPU
		{CEC0FE99-1E84-4508-84BB-E66E713D33AF}.Release|Any CPU.Build.0 = Release|Any CPU
		{6EBAB450-9A87-46FF-B1BD-BE1C89EC12EF}.Debug|Any CPU.ActiveCfg = Debug|Any CPU
		{6EBAB450-9A87-46FF-B1BD-BE1C89EC12EF}.Debug|Any CPU.Build.0 = Debug|Any CPU
		{6EBAB450-9A87-46FF-B1BD-BE1C89EC12EF}.Release|Any CPU.ActiveCfg = Release|Any CPU
		{6EBAB450-9A87-46FF-B1BD-BE1C89EC12EF}.Release|Any CPU.Build.0 = Release|Any CPU
		{BD2B0A65-086B-4D03-9DA3-5D539D7A81D6}.Debug|Any CPU.ActiveCfg = Debug|Any CPU
		{BD2B0A65-086B-4D03-9DA3-5D539D7A81D6}.Debug|Any CPU.Build.0 = Debug|Any CPU
		{BD2B0A65-086B-4D03-9DA3-5D539D7A81D6}.Release|Any CPU.ActiveCfg = Release|Any CPU
		{BD2B0A65-086B-4D03-9DA3-5D539D7A81D6}.Release|Any CPU.Build.0 = Release|Any CPU
		{05F6F315-AAFE-4936-9063-C0D0CF00E36A}.Debug|Any CPU.ActiveCfg = Debug|Any CPU
		{05F6F315-AAFE-4936-9063-C0D0CF00E36A}.Debug|Any CPU.Build.0 = Debug|Any CPU
		{05F6F315-AAFE-4936-9063-C0D0CF00E36A}.Release|Any CPU.ActiveCfg = Release|Any CPU
		{05F6F315-AAFE-4936-9063-C0D0CF00E36A}.Release|Any CPU.Build.0 = Release|Any CPU
		{5A9F1FDE-14FC-47DA-A98C-3550F3F4F66F}.Debug|Any CPU.ActiveCfg = Debug|Any CPU
		{5A9F1FDE-14FC-47DA-A98C-3550F3F4F66F}.Debug|Any CPU.Build.0 = Debug|Any CPU
		{5A9F1FDE-14FC-47DA-A98C-3550F3F4F66F}.Release|Any CPU.ActiveCfg = Release|Any CPU
		{5A9F1FDE-14FC-47DA-A98C-3550F3F4F66F}.Release|Any CPU.Build.0 = Release|Any CPU
		{39955E5E-814F-45BB-8DF5-2223F06EF512}.Debug|Any CPU.ActiveCfg = Debug|Any CPU
		{39955E5E-814F-45BB-8DF5-2223F06EF512}.Debug|Any CPU.Build.0 = Debug|Any CPU
		{39955E5E-814F-45BB-8DF5-2223F06EF512}.Release|Any CPU.ActiveCfg = Release|Any CPU
		{39955E5E-814F-45BB-8DF5-2223F06EF512}.Release|Any CPU.Build.0 = Release|Any CPU
	EndGlobalSection
	GlobalSection(SolutionProperties) = preSolution
		HideSolutionNode = FALSE
	EndGlobalSection
	GlobalSection(NestedProjects) = preSolution
		{05F6F315-AAFE-4936-9063-C0D0CF00E36A} = {51E65023-229B-4CDE-9FAD-D309D93882E9}
		{5A9F1FDE-14FC-47DA-A98C-3550F3F4F66F} = {51E65023-229B-4CDE-9FAD-D309D93882E9}
		{39955E5E-814F-45BB-8DF5-2223F06EF512} = {51E65023-229B-4CDE-9FAD-D309D93882E9}
	EndGlobalSection
EndGlobal
